
Microsoft Visual Studio Solution File, Format Version 12.00
# Visual Studio Version 16
VisualStudioVersion = 16.0.30717.126
MinimumVisualStudioVersion = 10.0.40219.1
Project("{9A19103F-16F7-4668-BE54-9A1E7A4F7556}") = "Swm.Web", "src\Swm.Web\Swm.Web.csproj", "{69CEE594-6F44-4A9C-896C-C9BF02D2AAB9}"
EndProject
Project("{2150E333-8FDC-42A3-9474-1A3956D46DE8}") = "src", "src", "{9E748864-D1D5-408A-A410-DE9D7691EB00}"
EndProject
Project("{2150E333-8FDC-42A3-9474-1A3956D46DE8}") = "test", "test", "{7E4A12C9-3FBA-4F28-BDD2-7847381BC7F5}"
EndProject
Project("{9A19103F-16F7-4668-BE54-9A1E7A4F7556}") = "Swm.Web.Tests", "test\Swm.Web.Tests\Swm.Web.Tests.csproj", "{FC56C549-7885-4FA9-83AB-0D52075A7703}"
EndProject
Project("{9A19103F-16F7-4668-BE54-9A1E7A4F7556}") = "Swm.Model.Extentions", "src\Swm.Model.Extentions\Swm.Model.Extentions.csproj", "{C058AAF4-C7A3-4279-942F-623C3E1EE7E9}"
EndProject
Project("{9A19103F-16F7-4668-BE54-9A1E7A4F7556}") = "Swm.Materials", "src\Swm.Materials\Swm.Materials.csproj", "{752C0A00-9AD8-4083-A57C-FA32ADC5C92D}"
EndProject
Project("{9A19103F-16F7-4668-BE54-9A1E7A4F7556}") = "Swm.Locations", "src\Swm.Locations\Swm.Locations.csproj", "{A81D842C-2730-4EF1-B60F-41C0E54ED63F}"
EndProject
Project("{9A19103F-16F7-4668-BE54-9A1E7A4F7556}") = "Swm.TransportTasks", "src\Swm.TransportTasks\Swm.TransportTasks.csproj", "{6C15FD57-DC7B-4E0E-A6A2-708272E80C6D}"
EndProject
Project("{9A19103F-16F7-4668-BE54-9A1E7A4F7556}") = "Swm.Palletization", "src\Swm.Palletization\Swm.Palletization.csproj", "{2802F2FB-DFF8-441E-AA8D-368FC6D9DC43}"
EndProject
Project("{9A19103F-16F7-4668-BE54-9A1E7A4F7556}") = "Swm.Constants", "src\Swm.Constants\Swm.Constants.csproj", "{34B9596D-810B-4C3D-9E8D-DF1F72B82BAA}"
EndProject
Project("{9A19103F-16F7-4668-BE54-9A1E7A4F7556}") = "Swm.StorageLocationAssignment", "src\Swm.StorageLocationAssignment\Swm.StorageLocationAssignment.csproj", "{6097B385-B321-42A9-B74C-72A7D4C80AF1}"
EndProject
Project("{9A19103F-16F7-4668-BE54-9A1E7A4F7556}") = "Swm.OutboundOrders", "src\Swm.OutboundOrders\Swm.OutboundOrders.csproj", "{69EA5B12-F697-4A20-AB13-CF5B710234C3}"
EndProject
Project("{9A19103F-16F7-4668-BE54-9A1E7A4F7556}") = "Swm.InboundOrders", "src\Swm.InboundOrders\Swm.InboundOrders.csproj", "{AF0614E7-1736-4D74-96CE-F00E8B94E9B2}"
EndProject
Project("{9A19103F-16F7-4668-BE54-9A1E7A4F7556}") = "Swm.Ops", "src\Swm.Ops\Swm.Ops.csproj", "{3455BD05-A8E4-4A12-AA26-113E1D70D503}"
EndProject
Project("{9A19103F-16F7-4668-BE54-9A1E7A4F7556}") = "Swm.Materials.Tests", "test\Swm.Materials.Tests\Swm.Materials.Tests.csproj", "{C1383586-EEB4-4D1E-B145-1AE9E89F66BF}"
EndProject
Project("{9A19103F-16F7-4668-BE54-9A1E7A4F7556}") = "Swm.Locations.Tests", "test\Swm.Locations.Tests\Swm.Locations.Tests.csproj", "{23199AEF-7177-47E4-B988-A038B418161A}"
EndProject
Project("{9A19103F-16F7-4668-BE54-9A1E7A4F7556}") = "Swm.TransportTasks.Tests", "test\Swm.TransportTasks.Tests\Swm.TransportTasks.Tests.csproj", "{49DCB1C6-E7DB-40FA-BC78-64B843D50044}"
EndProject
Project("{9A19103F-16F7-4668-BE54-9A1E7A4F7556}") = "Swm.Palletization.Tests", "test\Swm.Palletization.Tests\Swm.Palletization.Tests.csproj", "{49DB261E-D6C7-4CB5-88E5-F3D015C6C91D}"
EndProject
Project("{9A19103F-16F7-4668-BE54-9A1E7A4F7556}") = "Swm.OutboundOrders.Tests", "test\Swm.OutboundOrders.Tests\Swm.OutboundOrders.Tests.csproj", "{5BCD489D-EE85-4A8D-9D34-0F6B1CBF9891}"
EndProject
Project("{9A19103F-16F7-4668-BE54-9A1E7A4F7556}") = "Arctic.AppSeqs", "src\Arctic.AppSeqs\Arctic.AppSeqs.csproj", "{3428BA63-5CB0-416B-9F49-85310EA1CCE3}"
EndProject
Project("{9A19103F-16F7-4668-BE54-9A1E7A4F7556}") = "Arctic.AppSettings", "src\Arctic.AppSettings\Arctic.AppSettings.csproj", "{E4A2CF08-D616-4E86-9DDA-30CE64920DC5}"
EndProject
Project("{9A19103F-16F7-4668-BE54-9A1E7A4F7556}") = "Arctic.AspNetCore", "src\Arctic.AspNetCore\Arctic.AspNetCore.csproj", "{2F5F6D55-7EFC-4754-94E6-AEB046FE8A7D}"
EndProject
Project("{9A19103F-16F7-4668-BE54-9A1E7A4F7556}") = "Arctic.Auditing", "src\Arctic.Auditing\Arctic.Auditing.csproj", "{2BA9A36E-0414-44C2-AB77-E6551172212C}"
EndProject
Project("{9A19103F-16F7-4668-BE54-9A1E7A4F7556}") = "Arctic.EventBus", "src\Arctic.EventBus\Arctic.EventBus.csproj", "{B754B670-A998-48AF-9579-7EF8CBB01306}"
EndProject
Project("{9A19103F-16F7-4668-BE54-9A1E7A4F7556}") = "Arctic.NHibernateExtensions", "src\Arctic.NHibernateExtensions\Arctic.NHibernateExtensions.csproj", "{A71C3E2A-7442-4516-8C65-A45133AD66DA}"
EndProject
Project("{9A19103F-16F7-4668-BE54-9A1E7A4F7556}") = "Arctic.EventBus.Tests", "test\Arctic.EventBus.Tests\Arctic.EventBus.Tests.csproj", "{441EA6CC-F5A4-4BB3-82B2-0DBCE4BCFC98}"
EndProject
Project("{9A19103F-16F7-4668-BE54-9A1E7A4F7556}") = "Arctic.NHibernateExtensions.Tests", "test\Arctic.NHibernateExtensions.Tests\Arctic.NHibernateExtensions.Tests.csproj", "{CE9DD8C3-A17C-4732-88D1-136560E516CD}"
EndProject
Project("{FAE04EC0-301F-11D3-BF4B-00C04F79EFBC}") = "Swm.SRgv", "src\Swm.SRgv\Swm.SRgv.csproj", "{DE27E22E-8B0B-4ABA-A2EF-D078405C41A5}"
EndProject
Global
	GlobalSection(SolutionConfigurationPlatforms) = preSolution
		Debug|Any CPU = Debug|Any CPU
		Release|Any CPU = Release|Any CPU
	EndGlobalSection
	GlobalSection(ProjectConfigurationPlatforms) = postSolution
		{69CEE594-6F44-4A9C-896C-C9BF02D2AAB9}.Debug|Any CPU.ActiveCfg = Debug|Any CPU
		{69CEE594-6F44-4A9C-896C-C9BF02D2AAB9}.Debug|Any CPU.Build.0 = Debug|Any CPU
		{69CEE594-6F44-4A9C-896C-C9BF02D2AAB9}.Release|Any CPU.ActiveCfg = Release|Any CPU
		{69CEE594-6F44-4A9C-896C-C9BF02D2AAB9}.Release|Any CPU.Build.0 = Release|Any CPU
		{FC56C549-7885-4FA9-83AB-0D52075A7703}.Debug|Any CPU.ActiveCfg = Debug|Any CPU
		{FC56C549-7885-4FA9-83AB-0D52075A7703}.Debug|Any CPU.Build.0 = Debug|Any CPU
		{FC56C549-7885-4FA9-83AB-0D52075A7703}.Release|Any CPU.ActiveCfg = Release|Any CPU
		{FC56C549-7885-4FA9-83AB-0D52075A7703}.Release|Any CPU.Build.0 = Release|Any CPU
		{C058AAF4-C7A3-4279-942F-623C3E1EE7E9}.Debug|Any CPU.ActiveCfg = Debug|Any CPU
		{C058AAF4-C7A3-4279-942F-623C3E1EE7E9}.Debug|Any CPU.Build.0 = Debug|Any CPU
		{C058AAF4-C7A3-4279-942F-623C3E1EE7E9}.Release|Any CPU.ActiveCfg = Release|Any CPU
		{C058AAF4-C7A3-4279-942F-623C3E1EE7E9}.Release|Any CPU.Build.0 = Release|Any CPU
		{752C0A00-9AD8-4083-A57C-FA32ADC5C92D}.Debug|Any CPU.ActiveCfg = Debug|Any CPU
		{752C0A00-9AD8-4083-A57C-FA32ADC5C92D}.Debug|Any CPU.Build.0 = Debug|Any CPU
		{752C0A00-9AD8-4083-A57C-FA32ADC5C92D}.Release|Any CPU.ActiveCfg = Release|Any CPU
		{752C0A00-9AD8-4083-A57C-FA32ADC5C92D}.Release|Any CPU.Build.0 = Release|Any CPU
		{A81D842C-2730-4EF1-B60F-41C0E54ED63F}.Debug|Any CPU.ActiveCfg = Debug|Any CPU
		{A81D842C-2730-4EF1-B60F-41C0E54ED63F}.Debug|Any CPU.Build.0 = Debug|Any CPU
		{A81D842C-2730-4EF1-B60F-41C0E54ED63F}.Release|Any CPU.ActiveCfg = Release|Any CPU
		{A81D842C-2730-4EF1-B60F-41C0E54ED63F}.Release|Any CPU.Build.0 = Release|Any CPU
		{6C15FD57-DC7B-4E0E-A6A2-708272E80C6D}.Debug|Any CPU.ActiveCfg = Debug|Any CPU
		{6C15FD57-DC7B-4E0E-A6A2-708272E80C6D}.Debug|Any CPU.Build.0 = Debug|Any CPU
		{6C15FD57-DC7B-4E0E-A6A2-708272E80C6D}.Release|Any CPU.ActiveCfg = Release|Any CPU
		{6C15FD57-DC7B-4E0E-A6A2-708272E80C6D}.Release|Any CPU.Build.0 = Release|Any CPU
		{2802F2FB-DFF8-441E-AA8D-368FC6D9DC43}.Debug|Any CPU.ActiveCfg = Debug|Any CPU
		{2802F2FB-DFF8-441E-AA8D-368FC6D9DC43}.Debug|Any CPU.Build.0 = Debug|Any CPU
		{2802F2FB-DFF8-441E-AA8D-368FC6D9DC43}.Release|Any CPU.ActiveCfg = Release|Any CPU
		{2802F2FB-DFF8-441E-AA8D-368FC6D9DC43}.Release|Any CPU.Build.0 = Release|Any CPU
		{34B9596D-810B-4C3D-9E8D-DF1F72B82BAA}.Debug|Any CPU.ActiveCfg = Debug|Any CPU
		{34B9596D-810B-4C3D-9E8D-DF1F72B82BAA}.Debug|Any CPU.Build.0 = Debug|Any CPU
		{34B9596D-810B-4C3D-9E8D-DF1F72B82BAA}.Release|Any CPU.ActiveCfg = Release|Any CPU
		{34B9596D-810B-4C3D-9E8D-DF1F72B82BAA}.Release|Any CPU.Build.0 = Release|Any CPU
		{6097B385-B321-42A9-B74C-72A7D4C80AF1}.Debug|Any CPU.ActiveCfg = Debug|Any CPU
		{6097B385-B321-42A9-B74C-72A7D4C80AF1}.Debug|Any CPU.Build.0 = Debug|Any CPU
		{6097B385-B321-42A9-B74C-72A7D4C80AF1}.Release|Any CPU.ActiveCfg = Release|Any CPU
		{6097B385-B321-42A9-B74C-72A7D4C80AF1}.Release|Any CPU.Build.0 = Release|Any CPU
		{69EA5B12-F697-4A20-AB13-CF5B710234C3}.Debug|Any CPU.ActiveCfg = Debug|Any CPU
		{69EA5B12-F697-4A20-AB13-CF5B710234C3}.Debug|Any CPU.Build.0 = Debug|Any CPU
		{69EA5B12-F697-4A20-AB13-CF5B710234C3}.Release|Any CPU.ActiveCfg = Release|Any CPU
		{69EA5B12-F697-4A20-AB13-CF5B710234C3}.Release|Any CPU.Build.0 = Release|Any CPU
		{AF0614E7-1736-4D74-96CE-F00E8B94E9B2}.Debug|Any CPU.ActiveCfg = Debug|Any CPU
		{AF0614E7-1736-4D74-96CE-F00E8B94E9B2}.Debug|Any CPU.Build.0 = Debug|Any CPU
		{AF0614E7-1736-4D74-96CE-F00E8B94E9B2}.Release|Any CPU.ActiveCfg = Release|Any CPU
		{AF0614E7-1736-4D74-96CE-F00E8B94E9B2}.Release|Any CPU.Build.0 = Release|Any CPU
		{3455BD05-A8E4-4A12-AA26-113E1D70D503}.Debug|Any CPU.ActiveCfg = Debug|Any CPU
		{3455BD05-A8E4-4A12-AA26-113E1D70D503}.Debug|Any CPU.Build.0 = Debug|Any CPU
		{3455BD05-A8E4-4A12-AA26-113E1D70D503}.Release|Any CPU.ActiveCfg = Release|Any CPU
		{3455BD05-A8E4-4A12-AA26-113E1D70D503}.Release|Any CPU.Build.0 = Release|Any CPU
		{C1383586-EEB4-4D1E-B145-1AE9E89F66BF}.Debug|Any CPU.ActiveCfg = Debug|Any CPU
		{C1383586-EEB4-4D1E-B145-1AE9E89F66BF}.Debug|Any CPU.Build.0 = Debug|Any CPU
		{C1383586-EEB4-4D1E-B145-1AE9E89F66BF}.Release|Any CPU.ActiveCfg = Release|Any CPU
		{C1383586-EEB4-4D1E-B145-1AE9E89F66BF}.Release|Any CPU.Build.0 = Release|Any CPU
		{23199AEF-7177-47E4-B988-A038B418161A}.Debug|Any CPU.ActiveCfg = Debug|Any CPU
		{23199AEF-7177-47E4-B988-A038B418161A}.Debug|Any CPU.Build.0 = Debug|Any CPU
		{23199AEF-7177-47E4-B988-A038B418161A}.Release|Any CPU.ActiveCfg = Release|Any CPU
		{23199AEF-7177-47E4-B988-A038B418161A}.Release|Any CPU.Build.0 = Release|Any CPU
		{49DCB1C6-E7DB-40FA-BC78-64B843D50044}.Debug|Any CPU.ActiveCfg = Debug|Any CPU
		{49DCB1C6-E7DB-40FA-BC78-64B843D50044}.Debug|Any CPU.Build.0 = Debug|Any CPU
		{49DCB1C6-E7DB-40FA-BC78-64B843D50044}.Release|Any CPU.ActiveCfg = Release|Any CPU
		{49DCB1C6-E7DB-40FA-BC78-64B843D50044}.Release|Any CPU.Build.0 = Release|Any CPU
		{49DB261E-D6C7-4CB5-88E5-F3D015C6C91D}.Debug|Any CPU.ActiveCfg = Debug|Any CPU
		{49DB261E-D6C7-4CB5-88E5-F3D015C6C91D}.Debug|Any CPU.Build.0 = Debug|Any CPU
		{49DB261E-D6C7-4CB5-88E5-F3D015C6C91D}.Release|Any CPU.ActiveCfg = Release|Any CPU
		{49DB261E-D6C7-4CB5-88E5-F3D015C6C91D}.Release|Any CPU.Build.0 = Release|Any CPU
		{5BCD489D-EE85-4A8D-9D34-0F6B1CBF9891}.Debug|Any CPU.ActiveCfg = Debug|Any CPU
		{5BCD489D-EE85-4A8D-9D34-0F6B1CBF9891}.Debug|Any CPU.Build.0 = Debug|Any CPU
		{5BCD489D-EE85-4A8D-9D34-0F6B1CBF9891}.Release|Any CPU.ActiveCfg = Release|Any CPU
		{5BCD489D-EE85-4A8D-9D34-0F6B1CBF9891}.Release|Any CPU.Build.0 = Release|Any CPU
		{3428BA63-5CB0-416B-9F49-85310EA1CCE3}.Debug|Any CPU.ActiveCfg = Debug|Any CPU
		{3428BA63-5CB0-416B-9F49-85310EA1CCE3}.Debug|Any CPU.Build.0 = Debug|Any CPU
		{3428BA63-5CB0-416B-9F49-85310EA1CCE3}.Release|Any CPU.ActiveCfg = Release|Any CPU
		{3428BA63-5CB0-416B-9F49-85310EA1CCE3}.Release|Any CPU.Build.0 = Release|Any CPU
		{E4A2CF08-D616-4E86-9DDA-30CE64920DC5}.Debug|Any CPU.ActiveCfg = Debug|Any CPU
		{E4A2CF08-D616-4E86-9DDA-30CE64920DC5}.Debug|Any CPU.Build.0 = Debug|Any CPU
		{E4A2CF08-D616-4E86-9DDA-30CE64920DC5}.Release|Any CPU.ActiveCfg = Release|Any CPU
		{E4A2CF08-D616-4E86-9DDA-30CE64920DC5}.Release|Any CPU.Build.0 = Release|Any CPU
		{2F5F6D55-7EFC-4754-94E6-AEB046FE8A7D}.Debug|Any CPU.ActiveCfg = Debug|Any CPU
		{2F5F6D55-7EFC-4754-94E6-AEB046FE8A7D}.Debug|Any CPU.Build.0 = Debug|Any CPU
		{2F5F6D55-7EFC-4754-94E6-AEB046FE8A7D}.Release|Any CPU.ActiveCfg = Release|Any CPU
		{2F5F6D55-7EFC-4754-94E6-AEB046FE8A7D}.Release|Any CPU.Build.0 = Release|Any CPU
		{2BA9A36E-0414-44C2-AB77-E6551172212C}.Debug|Any CPU.ActiveCfg = Debug|Any CPU
		{2BA9A36E-0414-44C2-AB77-E6551172212C}.Debug|Any CPU.Build.0 = Debug|Any CPU
		{2BA9A36E-0414-44C2-AB77-E6551172212C}.Release|Any CPU.ActiveCfg = Release|Any CPU
		{2BA9A36E-0414-44C2-AB77-E6551172212C}.Release|Any CPU.Build.0 = Release|Any CPU
		{B754B670-A998-48AF-9579-7EF8CBB01306}.Debug|Any CPU.ActiveCfg = Debug|Any CPU
		{B754B670-A998-48AF-9579-7EF8CBB01306}.Debug|Any CPU.Build.0 = Debug|Any CPU
		{B754B670-A998-48AF-9579-7EF8CBB01306}.Release|Any CPU.ActiveCfg = Release|Any CPU
		{B754B670-A998-48AF-9579-7EF8CBB01306}.Release|Any CPU.Build.0 = Release|Any CPU
		{A71C3E2A-7442-4516-8C65-A45133AD66DA}.Debug|Any CPU.ActiveCfg = Debug|Any CPU
		{A71C3E2A-7442-4516-8C65-A45133AD66DA}.Debug|Any CPU.Build.0 = Debug|Any CPU
		{A71C3E2A-7442-4516-8C65-A45133AD66DA}.Release|Any CPU.ActiveCfg = Release|Any CPU
		{A71C3E2A-7442-4516-8C65-A45133AD66DA}.Release|Any CPU.Build.0 = Release|Any CPU
		{441EA6CC-F5A4-4BB3-82B2-0DBCE4BCFC98}.Debug|Any CPU.ActiveCfg = Debug|Any CPU
		{441EA6CC-F5A4-4BB3-82B2-0DBCE4BCFC98}.Debug|Any CPU.Build.0 = Debug|Any CPU
		{441EA6CC-F5A4-4BB3-82B2-0DBCE4BCFC98}.Release|Any CPU.ActiveCfg = Release|Any CPU
		{441EA6CC-F5A4-4BB3-82B2-0DBCE4BCFC98}.Release|Any CPU.Build.0 = Release|Any CPU
		{CE9DD8C3-A17C-4732-88D1-136560E516CD}.Debug|Any CPU.ActiveCfg = Debug|Any CPU
		{CE9DD8C3-A17C-4732-88D1-136560E516CD}.Debug|Any CPU.Build.0 = Debug|Any CPU
		{CE9DD8C3-A17C-4732-88D1-136560E516CD}.Release|Any CPU.ActiveCfg = Release|Any CPU
		{CE9DD8C3-A17C-4732-88D1-136560E516CD}.Release|Any CPU.Build.0 = Release|Any CPU
		{DE27E22E-8B0B-4ABA-A2EF-D078405C41A5}.Debug|Any CPU.ActiveCfg = Debug|Any CPU
		{DE27E22E-8B0B-4ABA-A2EF-D078405C41A5}.Debug|Any CPU.Build.0 = Debug|Any CPU
		{DE27E22E-8B0B-4ABA-A2EF-D078405C41A5}.Release|Any CPU.ActiveCfg = Release|Any CPU
		{DE27E22E-8B0B-4ABA-A2EF-D078405C41A5}.Release|Any CPU.Build.0 = Release|Any CPU
	EndGlobalSection
	GlobalSection(SolutionProperties) = preSolution
		HideSolutionNode = FALSE
	EndGlobalSection
	GlobalSection(NestedProjects) = preSolution
		{69CEE594-6F44-4A9C-896C-C9BF02D2AAB9} = {9E748864-D1D5-408A-A410-DE9D7691EB00}
		{FC56C549-7885-4FA9-83AB-0D52075A7703} = {7E4A12C9-3FBA-4F28-BDD2-7847381BC7F5}
		{C058AAF4-C7A3-4279-942F-623C3E1EE7E9} = {9E748864-D1D5-408A-A410-DE9D7691EB00}
		{752C0A00-9AD8-4083-A57C-FA32ADC5C92D} = {9E748864-D1D5-408A-A410-DE9D7691EB00}
		{A81D842C-2730-4EF1-B60F-41C0E54ED63F} = {9E748864-D1D5-408A-A410-DE9D7691EB00}
		{6C15FD57-DC7B-4E0E-A6A2-708272E80C6D} = {9E748864-D1D5-408A-A410-DE9D7691EB00}
		{2802F2FB-DFF8-441E-AA8D-368FC6D9DC43} = {9E748864-D1D5-408A-A410-DE9D7691EB00}
		{34B9596D-810B-4C3D-9E8D-DF1F72B82BAA} = {9E748864-D1D5-408A-A410-DE9D7691EB00}
		{6097B385-B321-42A9-B74C-72A7D4C80AF1} = {9E748864-D1D5-408A-A410-DE9D7691EB00}
		{69EA5B12-F697-4A20-AB13-CF5B710234C3} = {9E748864-D1D5-408A-A410-DE9D7691EB00}
		{AF0614E7-1736-4D74-96CE-F00E8B94E9B2} = {9E748864-D1D5-408A-A410-DE9D7691EB00}
		{3455BD05-A8E4-4A12-AA26-113E1D70D503} = {9E748864-D1D5-408A-A410-DE9D7691EB00}
		{C1383586-EEB4-4D1E-B145-1AE9E89F66BF} = {7E4A12C9-3FBA-4F28-BDD2-7847381BC7F5}
		{23199AEF-7177-47E4-B988-A038B418161A} = {7E4A12C9-3FBA-4F28-BDD2-7847381BC7F5}
		{49DCB1C6-E7DB-40FA-BC78-64B843D50044} = {7E4A12C9-3FBA-4F28-BDD2-7847381BC7F5}
		{49DB261E-D6C7-4CB5-88E5-F3D015C6C91D} = {7E4A12C9-3FBA-4F28-BDD2-7847381BC7F5}
		{5BCD489D-EE85-4A8D-9D34-0F6B1CBF9891} = {7E4A12C9-3FBA-4F28-BDD2-7847381BC7F5}
		{3428BA63-5CB0-416B-9F49-85310EA1CCE3} = {9E748864-D1D5-408A-A410-DE9D7691EB00}
		{E4A2CF08-D616-4E86-9DDA-30CE64920DC5} = {9E748864-D1D5-408A-A410-DE9D7691EB00}
		{2F5F6D55-7EFC-4754-94E6-AEB046FE8A7D} = {9E748864-D1D5-408A-A410-DE9D7691EB00}
		{2BA9A36E-0414-44C2-AB77-E6551172212C} = {9E748864-D1D5-408A-A410-DE9D7691EB00}
		{B754B670-A998-48AF-9579-7EF8CBB01306} = {9E748864-D1D5-408A-A410-DE9D7691EB00}
		{A71C3E2A-7442-4516-8C65-A45133AD66DA} = {9E748864-D1D5-408A-A410-DE9D7691EB00}
		{441EA6CC-F5A4-4BB3-82B2-0DBCE4BCFC98} = {7E4A12C9-3FBA-4F28-BDD2-7847381BC7F5}
		{CE9DD8C3-A17C-4732-88D1-136560E516CD} = {7E4A12C9-3FBA-4F28-BDD2-7847381BC7F5}
		{DE27E22E-8B0B-4ABA-A2EF-D078405C41A5} = {9E748864-D1D5-408A-A410-DE9D7691EB00}
	EndGlobalSection
	GlobalSection(ExtensibilityGlobals) = postSolution
		SolutionGuid = {8F5F75AD-B077-4655-9340-A2B9DB7DB6F5}
	EndGlobalSection
EndGlobal
