
Microsoft Visual Studio Solution File, Format Version 12.00
# Visual Studio Version 16
VisualStudioVersion = 16.0.30717.126
MinimumVisualStudioVersion = 10.0.40219.1
Project("{9A19103F-16F7-4668-BE54-9A1E7A4F7556}") = "Swm.Model", "src\Swm.Model\Swm.Model.csproj", "{DC631780-067B-4763-988E-CDACCD3DC6C4}"
EndProject
Project("{9A19103F-16F7-4668-BE54-9A1E7A4F7556}") = "Swm.Web", "src\Swm.Web\Swm.Web.csproj", "{69CEE594-6F44-4A9C-896C-C9BF02D2AAB9}"
EndProject
Project("{2150E333-8FDC-42A3-9474-1A3956D46DE8}") = "src", "src", "{9E748864-D1D5-408A-A410-DE9D7691EB00}"
EndProject
Project("{2150E333-8FDC-42A3-9474-1A3956D46DE8}") = "test", "test", "{7E4A12C9-3FBA-4F28-BDD2-7847381BC7F5}"
EndProject
Project("{9A19103F-16F7-4668-BE54-9A1E7A4F7556}") = "Swm.Model.Tests", "test\Swm.Models.Tests\Swm.Model.Tests.csproj", "{6B4B0BCD-0C63-412B-BAD2-B47FC217D2D8}"
EndProject
Project("{9A19103F-16F7-4668-BE54-9A1E7A4F7556}") = "Swm.Web.Tests", "test\Swm.Web.Tests\Swm.Web.Tests.csproj", "{FC56C549-7885-4FA9-83AB-0D52075A7703}"
EndProject
Project("{FAE04EC0-301F-11D3-BF4B-00C04F79EFBC}") = "Swm.Model.Extentions", "src\Swm.Model.Extentions\Swm.Model.Extentions.csproj", "{C058AAF4-C7A3-4279-942F-623C3E1EE7E9}"
EndProject
Global
	GlobalSection(SolutionConfigurationPlatforms) = preSolution
		Debug|Any CPU = Debug|Any CPU
		Release|Any CPU = Release|Any CPU
	EndGlobalSection
	GlobalSection(ProjectConfigurationPlatforms) = postSolution
		{DC631780-067B-4763-988E-CDACCD3DC6C4}.Debug|Any CPU.ActiveCfg = Debug|Any CPU
		{DC631780-067B-4763-988E-CDACCD3DC6C4}.Debug|Any CPU.Build.0 = Debug|Any CPU
		{DC631780-067B-4763-988E-CDACCD3DC6C4}.Release|Any CPU.ActiveCfg = Release|Any CPU
		{DC631780-067B-4763-988E-CDACCD3DC6C4}.Release|Any CPU.Build.0 = Release|Any CPU
		{69CEE594-6F44-4A9C-896C-C9BF02D2AAB9}.Debug|Any CPU.ActiveCfg = Debug|Any CPU
		{69CEE594-6F44-4A9C-896C-C9BF02D2AAB9}.Debug|Any CPU.Build.0 = Debug|Any CPU
		{69CEE594-6F44-4A9C-896C-C9BF02D2AAB9}.Release|Any CPU.ActiveCfg = Release|Any CPU
		{69CEE594-6F44-4A9C-896C-C9BF02D2AAB9}.Release|Any CPU.Build.0 = Release|Any CPU
		{6B4B0BCD-0C63-412B-BAD2-B47FC217D2D8}.Debug|Any CPU.ActiveCfg = Debug|Any CPU
		{6B4B0BCD-0C63-412B-BAD2-B47FC217D2D8}.Debug|Any CPU.Build.0 = Debug|Any CPU
		{6B4B0BCD-0C63-412B-BAD2-B47FC217D2D8}.Release|Any CPU.ActiveCfg = Release|Any CPU
		{6B4B0BCD-0C63-412B-BAD2-B47FC217D2D8}.Release|Any CPU.Build.0 = Release|Any CPU
		{FC56C549-7885-4FA9-83AB-0D52075A7703}.Debug|Any CPU.ActiveCfg = Debug|Any CPU
		{FC56C549-7885-4FA9-83AB-0D52075A7703}.Debug|Any CPU.Build.0 = Debug|Any CPU
		{FC56C549-7885-4FA9-83AB-0D52075A7703}.Release|Any CPU.ActiveCfg = Release|Any CPU
		{FC56C549-7885-4FA9-83AB-0D52075A7703}.Release|Any CPU.Build.0 = Release|Any CPU
		{C058AAF4-C7A3-4279-942F-623C3E1EE7E9}.Debug|Any CPU.ActiveCfg = Debug|Any CPU
		{C058AAF4-C7A3-4279-942F-623C3E1EE7E9}.Debug|Any CPU.Build.0 = Debug|Any CPU
		{C058AAF4-C7A3-4279-942F-623C3E1EE7E9}.Release|Any CPU.ActiveCfg = Release|Any CPU
		{C058AAF4-C7A3-4279-942F-623C3E1EE7E9}.Release|Any CPU.Build.0 = Release|Any CPU
	EndGlobalSection
	GlobalSection(SolutionProperties) = preSolution
		HideSolutionNode = FALSE
	EndGlobalSection
	GlobalSection(NestedProjects) = preSolution
		{DC631780-067B-4763-988E-CDACCD3DC6C4} = {9E748864-D1D5-408A-A410-DE9D7691EB00}
		{69CEE594-6F44-4A9C-896C-C9BF02D2AAB9} = {9E748864-D1D5-408A-A410-DE9D7691EB00}
		{6B4B0BCD-0C63-412B-BAD2-B47FC217D2D8} = {7E4A12C9-3FBA-4F28-BDD2-7847381BC7F5}
		{FC56C549-7885-4FA9-83AB-0D52075A7703} = {7E4A12C9-3FBA-4F28-BDD2-7847381BC7F5}
		{C058AAF4-C7A3-4279-942F-623C3E1EE7E9} = {9E748864-D1D5-408A-A410-DE9D7691EB00}
	EndGlobalSection
	GlobalSection(ExtensibilityGlobals) = postSolution
		SolutionGuid = {8F5F75AD-B077-4655-9340-A2B9DB7DB6F5}
	EndGlobalSection
EndGlobal
